// !$*UTF8*$!
{
	archiveVersion = 1;
	classes = {
	};
	objectVersion = 56;
	objects = {

/* Begin PBXBuildFile section */
		BF0000000000000000000001 /* JustBeforeTheMeetingApp.swift in Sources */ = {isa = PBXBuildFile; fileRef = FR0000000000000000000001 /* JustBeforeTheMeetingApp.swift */; };
		BF0000000000000000000002 /* AppDelegate.swift in Sources */ = {isa = PBXBuildFile; fileRef = FR0000000000000000000002 /* AppDelegate.swift */; };
		BF0000000000000000000003 /* StatusBarController.swift in Sources */ = {isa = PBXBuildFile; fileRef = FR0000000000000000000003 /* StatusBarController.swift */; };
		BF0000000000000000000004 /* SettingsWindowController.swift in Sources */ = {isa = PBXBuildFile; fileRef = FR0000000000000000000004 /* SettingsWindowController.swift */; };
		BF0000000000000000000005 /* AudioManager.swift in Sources */ = {isa = PBXBuildFile; fileRef = FR0000000000000000000005 /* AudioManager.swift */; };
		BF0000000000000000000006 /* CountdownManager.swift in Sources */ = {isa = PBXBuildFile; fileRef = FR0000000000000000000006 /* CountdownManager.swift */; };
		BF0000000000000000000007 /* GoogleCalendarService.swift in Sources */ = {isa = PBXBuildFile; fileRef = FR0000000000000000000007 /* GoogleCalendarService.swift */; };
		BF0000000000000000000008 /* OAuthManager.swift in Sources */ = {isa = PBXBuildFile; fileRef = FR0000000000000000000008 /* OAuthManager.swift */; };
		BF0000000000000000000009 /* KeychainHelper.swift in Sources */ = {isa = PBXBuildFile; fileRef = FR0000000000000000000009 /* KeychainHelper.swift */; };
		BF000000000000000000000A /* EventScheduler.swift in Sources */ = {isa = PBXBuildFile; fileRef = FR000000000000000000000A /* EventScheduler.swift */; };
		BF000000000000000000000B /* SettingsManager.swift in Sources */ = {isa = PBXBuildFile; fileRef = FR000000000000000000000B /* SettingsManager.swift */; };
		BF000000000000000000000C /* UNNotificationHelper.swift in Sources */ = {isa = PBXBuildFile; fileRef = FR000000000000000000000C /* UNNotificationHelper.swift */; };
		BF000000000000000000000D /* CalendarEvent.swift in Sources */ = {isa = PBXBuildFile; fileRef = FR000000000000000000000D /* CalendarEvent.swift */; };
		BF000000000000000000000E /* EventFilterRule.swift in Sources */ = {isa = PBXBuildFile; fileRef = FR000000000000000000000E /* EventFilterRule.swift */; };
		BF000000000000000000000F /* SettingsView.swift in Sources */ = {isa = PBXBuildFile; fileRef = FR000000000000000000000F /* SettingsView.swift */; };
		BF0000000000000000000010 /* CalendarSettingsView.swift in Sources */ = {isa = PBXBuildFile; fileRef = FR0000000000000000000010 /* CalendarSettingsView.swift */; };
		BF0000000000000000000011 /* SoundSettingsView.swift in Sources */ = {isa = PBXBuildFile; fileRef = FR0000000000000000000011 /* SoundSettingsView.swift */; };
		BF0000000000000000000012 /* GeneralSettingsView.swift in Sources */ = {isa = PBXBuildFile; fileRef = FR0000000000000000000012 /* GeneralSettingsView.swift */; };
		BF0000000000000000000013 /* EventRulesSettingsView.swift in Sources */ = {isa = PBXBuildFile; fileRef = FR0000000000000000000013 /* EventRulesSettingsView.swift */; };
		BF0000000000000000000014 /* Assets.xcassets in Resources */ = {isa = PBXBuildFile; fileRef = FR0000000000000000000014 /* Assets.xcassets */; };
		BF0000000000000000000015 /* default_theme.mp3 in Resources */ = {isa = PBXBuildFile; fileRef = FR0000000000000000000017 /* default_theme.mp3 */; };
		BF0000000000000000000016 /* UpcomingCountdownItem.swift in Sources */ = {isa = PBXBuildFile; fileRef = FR0000000000000000000020 /* UpcomingCountdownItem.swift */; };
/* End PBXBuildFile section */

/* Begin PBXFileReference section */
		FR0000000000000000000001 /* JustBeforeTheMeetingApp.swift */ = {isa = PBXFileReference; lastKnownFileType = sourcecode.swift; path = JustBeforeTheMeetingApp.swift; sourceTree = "<group>"; };
		FR0000000000000000000002 /* AppDelegate.swift */ = {isa = PBXFileReference; lastKnownFileType = sourcecode.swift; path = AppDelegate.swift; sourceTree = "<group>"; };
		FR0000000000000000000003 /* StatusBarController.swift */ = {isa = PBXFileReference; lastKnownFileType = sourcecode.swift; path = StatusBarController.swift; sourceTree = "<group>"; };
		FR0000000000000000000004 /* SettingsWindowController.swift */ = {isa = PBXFileReference; lastKnownFileType = sourcecode.swift; path = SettingsWindowController.swift; sourceTree = "<group>"; };
		FR0000000000000000000005 /* AudioManager.swift */ = {isa = PBXFileReference; lastKnownFileType = sourcecode.swift; path = AudioManager.swift; sourceTree = "<group>"; };
		FR0000000000000000000006 /* CountdownManager.swift */ = {isa = PBXFileReference; lastKnownFileType = sourcecode.swift; path = CountdownManager.swift; sourceTree = "<group>"; };
		FR0000000000000000000007 /* GoogleCalendarService.swift */ = {isa = PBXFileReference; lastKnownFileType = sourcecode.swift; path = GoogleCalendarService.swift; sourceTree = "<group>"; };
		FR0000000000000000000008 /* OAuthManager.swift */ = {isa = PBXFileReference; lastKnownFileType = sourcecode.swift; path = OAuthManager.swift; sourceTree = "<group>"; };
		FR0000000000000000000009 /* KeychainHelper.swift */ = {isa = PBXFileReference; lastKnownFileType = sourcecode.swift; path = KeychainHelper.swift; sourceTree = "<group>"; };
		FR000000000000000000000A /* EventScheduler.swift */ = {isa = PBXFileReference; lastKnownFileType = sourcecode.swift; path = EventScheduler.swift; sourceTree = "<group>"; };
		FR000000000000000000000B /* SettingsManager.swift */ = {isa = PBXFileReference; lastKnownFileType = sourcecode.swift; path = SettingsManager.swift; sourceTree = "<group>"; };
		FR000000000000000000000C /* UNNotificationHelper.swift */ = {isa = PBXFileReference; lastKnownFileType = sourcecode.swift; path = UNNotificationHelper.swift; sourceTree = "<group>"; };
		FR000000000000000000000D /* CalendarEvent.swift */ = {isa = PBXFileReference; lastKnownFileType = sourcecode.swift; path = CalendarEvent.swift; sourceTree = "<group>"; };
		FR000000000000000000000E /* EventFilterRule.swift */ = {isa = PBXFileReference; lastKnownFileType = sourcecode.swift; path = EventFilterRule.swift; sourceTree = "<group>"; };
		FR000000000000000000000F /* SettingsView.swift */ = {isa = PBXFileReference; lastKnownFileType = sourcecode.swift; path = SettingsView.swift; sourceTree = "<group>"; };
		FR0000000000000000000010 /* CalendarSettingsView.swift */ = {isa = PBXFileReference; lastKnownFileType = sourcecode.swift; path = CalendarSettingsView.swift; sourceTree = "<group>"; };
		FR0000000000000000000011 /* SoundSettingsView.swift */ = {isa = PBXFileReference; lastKnownFileType = sourcecode.swift; path = SoundSettingsView.swift; sourceTree = "<group>"; };
		FR0000000000000000000012 /* GeneralSettingsView.swift */ = {isa = PBXFileReference; lastKnownFileType = sourcecode.swift; path = GeneralSettingsView.swift; sourceTree = "<group>"; };
		FR0000000000000000000013 /* EventRulesSettingsView.swift */ = {isa = PBXFileReference; lastKnownFileType = sourcecode.swift; path = EventRulesSettingsView.swift; sourceTree = "<group>"; };
		FR0000000000000000000014 /* Assets.xcassets */ = {isa = PBXFileReference; lastKnownFileType = folder.assetcatalog; path = Assets.xcassets; sourceTree = "<group>"; };
		FR0000000000000000000015 /* Info.plist */ = {isa = PBXFileReference; lastKnownFileType = text.plist.xml; path = Info.plist; sourceTree = "<group>"; };
		FR0000000000000000000017 /* default_theme.mp3 */ = {isa = PBXFileReference; lastKnownFileType = audio.mp3; path = default_theme.mp3; sourceTree = "<group>"; };
		FR0000000000000000000018 /* Secrets.xcconfig */ = {isa = PBXFileReference; lastKnownFileType = text.xcconfig; name = Secrets.xcconfig; path = Config/Secrets.xcconfig; sourceTree = "<group>"; };
		FR0000000000000000000019 /* Secrets.example.xcconfig */ = {isa = PBXFileReference; lastKnownFileType = text.xcconfig; name = Secrets.example.xcconfig; path = Config/Secrets.example.xcconfig; sourceTree = "<group>"; };
		FR0000000000000000000016 /* JustBeforeTheMeeting.app */ = {isa = PBXFileReference; explicitFileType = wrapper.application; includeInIndex = 0; path = JustBeforeTheMeeting.app; sourceTree = BUILT_PRODUCTS_DIR; };
		FR0000000000000000000020 /* UpcomingCountdownItem.swift */ = {isa = PBXFileReference; lastKnownFileType = sourcecode.swift; path = UpcomingCountdownItem.swift; sourceTree = "<group>"; };
/* End PBXFileReference section */

/* Begin PBXFrameworksBuildPhase section */
		FW0000000000000000000001 /* Frameworks */ = {
			isa = PBXFrameworksBuildPhase;
			buildActionMask = 2147483647;
			files = (
			);
			runOnlyForDeploymentPostprocessing = 0;
		};
/* End PBXFrameworksBuildPhase section */

/* Begin PBXGroup section */
		G000000000000000000000001 = {
			isa = PBXGroup;
			children = (
				G000000000000000000000009 /* Config */,
				G000000000000000000000002 /* JustBeforeTheMeeting */,
				G000000000000000000000003 /* Products */,
			);
			sourceTree = "<group>";
		};
		G000000000000000000000009 /* Config */ = {
			isa = PBXGroup;
			children = (
				FR0000000000000000000018 /* Secrets.xcconfig */,
				FR0000000000000000000019 /* Secrets.example.xcconfig */,
			);
			name = Config;
			sourceTree = "<group>";
		};
		G000000000000000000000002 /* JustBeforeTheMeeting */ = {
			isa = PBXGroup;
			children = (
				FR0000000000000000000015 /* Info.plist */,
				G000000000000000000000004 /* App */,
				G000000000000000000000005 /* Services */,
				G000000000000000000000006 /* Models */,
				G000000000000000000000007 /* Views */,
				G000000000000000000000008 /* Resources */,
			);
			path = JustBeforeTheMeeting;
			sourceTree = "<group>";
		};
		G000000000000000000000003 /* Products */ = {
			isa = PBXGroup;
			children = (
				FR0000000000000000000016 /* JustBeforeTheMeeting.app */,
			);
			name = Products;
			sourceTree = "<group>";
		};
		G000000000000000000000004 /* App */ = {
			isa = PBXGroup;
			children = (
				FR0000000000000000000001 /* JustBeforeTheMeetingApp.swift */,
				FR0000000000000000000002 /* AppDelegate.swift */,
				FR0000000000000000000003 /* StatusBarController.swift */,
				FR0000000000000000000004 /* SettingsWindowController.swift */,
			);
			path = App;
			sourceTree = "<group>";
		};
		G000000000000000000000005 /* Services */ = {
			isa = PBXGroup;
			children = (
				FR0000000000000000000005 /* AudioManager.swift */,
				FR0000000000000000000006 /* CountdownManager.swift */,
				FR0000000000000000000007 /* GoogleCalendarService.swift */,
				FR0000000000000000000008 /* OAuthManager.swift */,
				FR0000000000000000000009 /* KeychainHelper.swift */,
				FR000000000000000000000A /* EventScheduler.swift */,
				FR000000000000000000000B /* SettingsManager.swift */,
				FR000000000000000000000C /* UNNotificationHelper.swift */,
			);
			path = Services;
			sourceTree = "<group>";
		};
		G000000000000000000000006 /* Models */ = {
			isa = PBXGroup;
			children = (
				FR000000000000000000000D /* CalendarEvent.swift */,
				FR000000000000000000000E /* EventFilterRule.swift */,
				FR0000000000000000000020 /* UpcomingCountdownItem.swift */,
			);
			path = Models;
			sourceTree = "<group>";
		};
		G000000000000000000000007 /* Views */ = {
			isa = PBXGroup;
			children = (
				FR000000000000000000000F /* SettingsView.swift */,
				FR0000000000000000000010 /* CalendarSettingsView.swift */,
				FR0000000000000000000011 /* SoundSettingsView.swift */,
				FR0000000000000000000012 /* GeneralSettingsView.swift */,
				FR0000000000000000000013 /* EventRulesSettingsView.swift */,
			);
			path = Views;
			sourceTree = "<group>";
		};
		G000000000000000000000008 /* Resources */ = {
			isa = PBXGroup;
			children = (
				FR0000000000000000000014 /* Assets.xcassets */,
				FR0000000000000000000017 /* default_theme.mp3 */,
			);
			path = Resources;
			sourceTree = "<group>";
		};
/* End PBXGroup section */

/* Begin PBXNativeTarget section */
		NT00000000000000000000001 /* JustBeforeTheMeeting */ = {
			isa = PBXNativeTarget;
			buildConfigurationList = BC00000000000000000000003 /* Build configuration list for PBXNativeTarget "JustBeforeTheMeeting" */;
			buildPhases = (
				SRC0000000000000000000001 /* Sources */,
				FW0000000000000000000001 /* Frameworks */,
				RES0000000000000000000001 /* Resources */,
			);
			buildRules = (
			);
			dependencies = (
			);
			name = JustBeforeTheMeeting;
			productName = JustBeforeTheMeeting;
			productReference = FR0000000000000000000016 /* JustBeforeTheMeeting.app */;
			productType = "com.apple.product-type.application";
		};
/* End PBXNativeTarget section */

/* Begin PBXProject section */
		PR00000000000000000000001 /* Project object */ = {
			isa = PBXProject;
			attributes = {
				BuildIndependentTargetsInParallel = 1;
				LastSwiftUpdateCheck = 1500;
				LastUpgradeCheck = 1500;
				TargetAttributes = {
					NT00000000000000000000001 = {
						CreatedOnToolsVersion = 15.0;
					};
				};
			};
			buildConfigurationList = BC00000000000000000000001 /* Build configuration list for PBXProject "JustBeforeTheMeeting" */;
			compatibilityVersion = "Xcode 14.0";
			developmentRegion = en;
			hasScannedForEncodings = 0;
			knownRegions = (
				en,
				Base,
			);
			mainGroup = G000000000000000000000001;
			productRefGroup = G000000000000000000000003 /* Products */;
			projectDirPath = "";
			projectRoot = "";
			targets = (
				NT00000000000000000000001 /* JustBeforeTheMeeting */,
			);
		};
/* End PBXProject section */

/* Begin PBXResourcesBuildPhase section */
		RES0000000000000000000001 /* Resources */ = {
			isa = PBXResourcesBuildPhase;
			buildActionMask = 2147483647;
			files = (
				BF0000000000000000000014 /* Assets.xcassets in Resources */,
				BF0000000000000000000015 /* default_theme.mp3 in Resources */,
			);
			runOnlyForDeploymentPostprocessing = 0;
		};
/* End PBXResourcesBuildPhase section */

/* Begin PBXSourcesBuildPhase section */
		SRC0000000000000000000001 /* Sources */ = {
			isa = PBXSourcesBuildPhase;
			buildActionMask = 2147483647;
			files = (
				BF0000000000000000000001 /* JustBeforeTheMeetingApp.swift in Sources */,
				BF0000000000000000000002 /* AppDelegate.swift in Sources */,
				BF0000000000000000000003 /* StatusBarController.swift in Sources */,
				BF0000000000000000000004 /* SettingsWindowController.swift in Sources */,
				BF0000000000000000000005 /* AudioManager.swift in Sources */,
				BF0000000000000000000006 /* CountdownManager.swift in Sources */,
				BF0000000000000000000007 /* GoogleCalendarService.swift in Sources */,
				BF0000000000000000000008 /* OAuthManager.swift in Sources */,
				BF0000000000000000000009 /* KeychainHelper.swift in Sources */,
				BF000000000000000000000A /* EventScheduler.swift in Sources */,
				BF000000000000000000000B /* SettingsManager.swift in Sources */,
				BF000000000000000000000C /* UNNotificationHelper.swift in Sources */,
				BF000000000000000000000D /* CalendarEvent.swift in Sources */,
				BF000000000000000000000E /* EventFilterRule.swift in Sources */,
				BF0000000000000000000016 /* UpcomingCountdownItem.swift in Sources */,
				BF000000000000000000000F /* SettingsView.swift in Sources */,
				BF0000000000000000000010 /* CalendarSettingsView.swift in Sources */,
				BF0000000000000000000011 /* SoundSettingsView.swift in Sources */,
				BF0000000000000000000012 /* GeneralSettingsView.swift in Sources */,
				BF0000000000000000000013 /* EventRulesSettingsView.swift in Sources */,
			);
			runOnlyForDeploymentPostprocessing = 0;
		};
/* End PBXSourcesBuildPhase section */

/* Begin XCBuildConfiguration section */
		XC00000000000000000000001 /* Debug */ = {
			isa = XCBuildConfiguration;
			buildSettings = {
				ALWAYS_SEARCH_USER_PATHS = NO;
				ASSETCATALOG_COMPILER_GENERATE_SWIFT_ASSET_SYMBOL_EXTENSIONS = YES;
				CLANG_ANALYZER_NONNULL = YES;
				CLANG_ENABLE_MODULES = YES;
				CLANG_ENABLE_OBJC_ARC = YES;
				COPY_PHASE_STRIP = NO;
				DEBUG_INFORMATION_FORMAT = dwarf;
				ENABLE_STRICT_OBJC_MSGSEND = YES;
				ENABLE_TESTABILITY = YES;
				GCC_DYNAMIC_NO_PIC = NO;
				GCC_OPTIMIZATION_LEVEL = 0;
				MACOSX_DEPLOYMENT_TARGET = 13.0;
				ONLY_ACTIVE_ARCH = YES;
				SDKROOT = macosx;
				SWIFT_ACTIVE_COMPILATION_CONDITIONS = "DEBUG $(inherited)";
				SWIFT_OPTIMIZATION_LEVEL = "-Onone";
			};
			name = Debug;
		};
		XC00000000000000000000002 /* Release */ = {
			isa = XCBuildConfiguration;
			buildSettings = {
				ALWAYS_SEARCH_USER_PATHS = NO;
				ASSETCATALOG_COMPILER_GENERATE_SWIFT_ASSET_SYMBOL_EXTENSIONS = YES;
				CLANG_ANALYZER_NONNULL = YES;
				CLANG_ENABLE_MODULES = YES;
				CLANG_ENABLE_OBJC_ARC = YES;
				COPY_PHASE_STRIP = NO;
				DEBUG_INFORMATION_FORMAT = "dwarf-with-dsym";
				ENABLE_NS_ASSERTIONS = NO;
				ENABLE_STRICT_OBJC_MSGSEND = YES;
				MACOSX_DEPLOYMENT_TARGET = 13.0;
				SDKROOT = macosx;
				SWIFT_COMPILATION_MODE = wholemodule;
			};
			name = Release;
		};
		XC00000000000000000000003 /* Debug */ = {
			isa = XCBuildConfiguration;
			baseConfigurationReference = FR0000000000000000000018 /* Secrets.xcconfig */;
			buildSettings = {
				ASSETCATALOG_COMPILER_APPICON_NAME = AppIcon;
				CODE_SIGN_STYLE = Automatic;
				COMBINE_HIDPI_IMAGES = YES;
				CURRENT_PROJECT_VERSION = 1;
				DEVELOPMENT_TEAM = "";
				ENABLE_HARDENED_RUNTIME = YES;
				GENERATE_INFOPLIST_FILE = NO;
				INFOPLIST_FILE = JustBeforeTheMeeting/Info.plist;
				INFOPLIST_KEY_NSHumanReadableCopyright = "";
				LD_RUNPATH_SEARCH_PATHS = (
					"$(inherited)",
					"@executable_path/../Frameworks",
				);
				MARKETING_VERSION = 1.0;
				PRODUCT_BUNDLE_IDENTIFIER = com.justbeforethemeeting.app;
				PRODUCT_NAME = "$(TARGET_NAME)";
				SWIFT_EMIT_LOC_STRINGS = YES;
				SWIFT_VERSION = 5.0;
			};
			name = Debug;
		};
		XC00000000000000000000004 /* Release */ = {
			isa = XCBuildConfiguration;
			baseConfigurationReference = FR0000000000000000000018 /* Secrets.xcconfig */;
			buildSettings = {
				ASSETCATALOG_COMPILER_APPICON_NAME = AppIcon;
				CODE_SIGN_STYLE = Automatic;
				COMBINE_HIDPI_IMAGES = YES;
				CURRENT_PROJECT_VERSION = 1;
				DEVELOPMENT_TEAM = "";
				ENABLE_HARDENED_RUNTIME = YES;
				GENERATE_INFOPLIST_FILE = NO;
				INFOPLIST_FILE = JustBeforeTheMeeting/Info.plist;
				INFOPLIST_KEY_NSHumanReadableCopyright = "";
				LD_RUNPATH_SEARCH_PATHS = (
					"$(inherited)",
					"@executable_path/../Frameworks",
				);
				MARKETING_VERSION = 1.0;
				PRODUCT_BUNDLE_IDENTIFIER = com.justbeforethemeeting.app;
				PRODUCT_NAME = "$(TARGET_NAME)";
				SWIFT_EMIT_LOC_STRINGS = YES;
				SWIFT_VERSION = 5.0;
			};
			name = Release;
		};
/* End XCBuildConfiguration section */

/* Begin XCConfigurationList section */
		BC00000000000000000000001 /* Build configuration list for PBXProject "JustBeforeTheMeeting" */ = {
			isa = XCConfigurationList;
			buildConfigurations = (
				XC00000000000000000000001 /* Debug */,
				XC00000000000000000000002 /* Release */,
			);
			defaultConfigurationIsVisible = 0;
			defaultConfigurationName = Release;
		};
		BC00000000000000000000003 /* Build configuration list for PBXNativeTarget "JustBeforeTheMeeting" */ = {
			isa = XCConfigurationList;
			buildConfigurations = (
				XC00000000000000000000003 /* Debug */,
				XC00000000000000000000004 /* Release */,
			);
			defaultConfigurationIsVisible = 0;
			defaultConfigurationName = Release;
		};
/* End XCConfigurationList section */
	};
	rootObject = PR00000000000000000000001 /* Project object */;
}
